// !$*UTF8*$!
{
	archiveVersion = 1;
	classes = {
	};
	objectVersion = 46;
	objects = {

/* Begin PBXBuildFile section */
		04F7F28F1CAF935A000628C6 /* AppDelegate.swift in Sources */ = {isa = PBXBuildFile; fileRef = 04F7F28E1CAF935A000628C6 /* AppDelegate.swift */; };
		04F7F2911CAF935A000628C6 /* ViewController.swift in Sources */ = {isa = PBXBuildFile; fileRef = 04F7F2901CAF935A000628C6 /* ViewController.swift */; };
		04F7F2941CAF935A000628C6 /* Main.storyboard in Resources */ = {isa = PBXBuildFile; fileRef = 04F7F2921CAF935A000628C6 /* Main.storyboard */; };
		04F7F2961CAF935A000628C6 /* Assets.xcassets in Resources */ = {isa = PBXBuildFile; fileRef = 04F7F2951CAF935A000628C6 /* Assets.xcassets */; };
		04F7F2991CAF935A000628C6 /* LaunchScreen.storyboard in Resources */ = {isa = PBXBuildFile; fileRef = 04F7F2971CAF935A000628C6 /* LaunchScreen.storyboard */; };
		04F7F2A41CAF935B000628C6 /* ChildrenPayTests.swift in Sources */ = {isa = PBXBuildFile; fileRef = 04F7F2A31CAF935B000628C6 /* ChildrenPayTests.swift */; };
		04F7F2AF1CAF935B000628C6 /* ChildrenPayUITests.swift in Sources */ = {isa = PBXBuildFile; fileRef = 04F7F2AE1CAF935B000628C6 /* ChildrenPayUITests.swift */; };
		04F7F2BD1CAF942D000628C6 /* PayPalMobile in Frameworks */ = {isa = PBXBuildFile; fileRef = 04F7F2BC1CAF942D000628C6 /* PayPalMobile */; };
		04F7F2BF1CAF9457000628C6 /* PayPal-iOS-SDK-Sample-App in Frameworks */ = {isa = PBXBuildFile; fileRef = 04F7F2BE1CAF9457000628C6 /* PayPal-iOS-SDK-Sample-App */; };
/* End PBXBuildFile section */

/* Begin PBXContainerItemProxy section */
		04F7F2A01CAF935B000628C6 /* PBXContainerItemProxy */ = {
			isa = PBXContainerItemProxy;
			containerPortal = 04F7F2831CAF935A000628C6 /* Project object */;
			proxyType = 1;
			remoteGlobalIDString = 04F7F28A1CAF935A000628C6;
			remoteInfo = ChildrenPay;
		};
		04F7F2AB1CAF935B000628C6 /* PBXContainerItemProxy */ = {
			isa = PBXContainerItemProxy;
			containerPortal = 04F7F2831CAF935A000628C6 /* Project object */;
			proxyType = 1;
			remoteGlobalIDString = 04F7F28A1CAF935A000628C6;
			remoteInfo = ChildrenPay;
		};
/* End PBXContainerItemProxy section */

/* Begin PBXFileReference section */
		04F7F28B1CAF935A000628C6 /* ChildrenPay.app */ = {isa = PBXFileReference; explicitFileType = wrapper.application; includeInIndex = 0; path = ChildrenPay.app; sourceTree = BUILT_PRODUCTS_DIR; };
		04F7F28E1CAF935A000628C6 /* AppDelegate.swift */ = {isa = PBXFileReference; lastKnownFileType = sourcecode.swift; path = AppDelegate.swift; sourceTree = "<group>"; };
		04F7F2901CAF935A000628C6 /* ViewController.swift */ = {isa = PBXFileReference; lastKnownFileType = sourcecode.swift; path = ViewController.swift; sourceTree = "<group>"; };
		04F7F2931CAF935A000628C6 /* Base */ = {isa = PBXFileReference; lastKnownFileType = file.storyboard; name = Base; path = Base.lproj/Main.storyboard; sourceTree = "<group>"; };
		04F7F2951CAF935A000628C6 /* Assets.xcassets */ = {isa = PBXFileReference; lastKnownFileType = folder.assetcatalog; path = Assets.xcassets; sourceTree = "<group>"; };
		04F7F2981CAF935A000628C6 /* Base */ = {isa = PBXFileReference; lastKnownFileType = file.storyboard; name = Base; path = Base.lproj/LaunchScreen.storyboard; sourceTree = "<group>"; };
		04F7F29A1CAF935A000628C6 /* Info.plist */ = {isa = PBXFileReference; lastKnownFileType = text.plist.xml; path = Info.plist; sourceTree = "<group>"; };
		04F7F29F1CAF935B000628C6 /* ChildrenPayTests.xctest */ = {isa = PBXFileReference; explicitFileType = wrapper.cfbundle; includeInIndex = 0; path = ChildrenPayTests.xctest; sourceTree = BUILT_PRODUCTS_DIR; };
		04F7F2A31CAF935B000628C6 /* ChildrenPayTests.swift */ = {isa = PBXFileReference; lastKnownFileType = sourcecode.swift; path = ChildrenPayTests.swift; sourceTree = "<group>"; };
		04F7F2A51CAF935B000628C6 /* Info.plist */ = {isa = PBXFileReference; lastKnownFileType = text.plist.xml; path = Info.plist; sourceTree = "<group>"; };
		04F7F2AA1CAF935B000628C6 /* ChildrenPayUITests.xctest */ = {isa = PBXFileReference; explicitFileType = wrapper.cfbundle; includeInIndex = 0; path = ChildrenPayUITests.xctest; sourceTree = BUILT_PRODUCTS_DIR; };
		04F7F2AE1CAF935B000628C6 /* ChildrenPayUITests.swift */ = {isa = PBXFileReference; lastKnownFileType = sourcecode.swift; path = ChildrenPayUITests.swift; sourceTree = "<group>"; };
		04F7F2B01CAF935B000628C6 /* Info.plist */ = {isa = PBXFileReference; lastKnownFileType = text.plist.xml; path = Info.plist; sourceTree = "<group>"; };
		04F7F2BC1CAF942D000628C6 /* PayPalMobile */ = {isa = PBXFileReference; lastKnownFileType = folder; path = PayPalMobile; sourceTree = "<group>"; };
		04F7F2BE1CAF9457000628C6 /* PayPal-iOS-SDK-Sample-App */ = {isa = PBXFileReference; lastKnownFileType = folder; path = "PayPal-iOS-SDK-Sample-App"; sourceTree = "<group>"; };
/* End PBXFileReference section */

/* Begin PBXFrameworksBuildPhase section */
		04F7F2881CAF935A000628C6 /* Frameworks */ = {
			isa = PBXFrameworksBuildPhase;
			buildActionMask = 2147483647;
			files = (
				04F7F2BF1CAF9457000628C6 /* PayPal-iOS-SDK-Sample-App in Frameworks */,
				04F7F2BD1CAF942D000628C6 /* PayPalMobile in Frameworks */,
			);
			runOnlyForDeploymentPostprocessing = 0;
		};
		04F7F29C1CAF935B000628C6 /* Frameworks */ = {
			isa = PBXFrameworksBuildPhase;
			buildActionMask = 2147483647;
			files = (
			);
			runOnlyForDeploymentPostprocessing = 0;
		};
		04F7F2A71CAF935B000628C6 /* Frameworks */ = {
			isa = PBXFrameworksBuildPhase;
			buildActionMask = 2147483647;
			files = (
			);
			runOnlyForDeploymentPostprocessing = 0;
		};
/* End PBXFrameworksBuildPhase section */

/* Begin PBXGroup section */
		04F7F2821CAF935A000628C6 = {
			isa = PBXGroup;
			children = (
				04F7F2BE1CAF9457000628C6 /* PayPal-iOS-SDK-Sample-App */,
				04F7F2BC1CAF942D000628C6 /* PayPalMobile */,
				04F7F28D1CAF935A000628C6 /* ChildrenPay */,
				04F7F2A21CAF935B000628C6 /* ChildrenPayTests */,
				04F7F2AD1CAF935B000628C6 /* ChildrenPayUITests */,
				04F7F28C1CAF935A000628C6 /* Products */,
			);
			sourceTree = "<group>";
		};
		04F7F28C1CAF935A000628C6 /* Products */ = {
			isa = PBXGroup;
			children = (
				04F7F28B1CAF935A000628C6 /* ChildrenPay.app */,
				04F7F29F1CAF935B000628C6 /* ChildrenPayTests.xctest */,
				04F7F2AA1CAF935B000628C6 /* ChildrenPayUITests.xctest */,
			);
			name = Products;
			sourceTree = "<group>";
		};
		04F7F28D1CAF935A000628C6 /* ChildrenPay */ = {
			isa = PBXGroup;
			children = (
				04F7F28E1CAF935A000628C6 /* AppDelegate.swift */,
				04F7F2901CAF935A000628C6 /* ViewController.swift */,
				04F7F2921CAF935A000628C6 /* Main.storyboard */,
				04F7F2951CAF935A000628C6 /* Assets.xcassets */,
				04F7F2971CAF935A000628C6 /* LaunchScreen.storyboard */,
				04F7F29A1CAF935A000628C6 /* Info.plist */,
			);
			path = ChildrenPay;
			sourceTree = "<group>";
		};
		04F7F2A21CAF935B000628C6 /* ChildrenPayTests */ = {
			isa = PBXGroup;
			children = (
				04F7F2A31CAF935B000628C6 /* ChildrenPayTests.swift */,
				04F7F2A51CAF935B000628C6 /* Info.plist */,
			);
			path = ChildrenPayTests;
			sourceTree = "<group>";
		};
		04F7F2AD1CAF935B000628C6 /* ChildrenPayUITests */ = {
			isa = PBXGroup;
			children = (
				04F7F2AE1CAF935B000628C6 /* ChildrenPayUITests.swift */,
				04F7F2B01CAF935B000628C6 /* Info.plist */,
			);
			path = ChildrenPayUITests;
			sourceTree = "<group>";
		};
/* End PBXGroup section */

/* Begin PBXNativeTarget section */
		04F7F28A1CAF935A000628C6 /* ChildrenPay */ = {
			isa = PBXNativeTarget;
			buildConfigurationList = 04F7F2B31CAF935B000628C6 /* Build configuration list for PBXNativeTarget "ChildrenPay" */;
			buildPhases = (
				04F7F2871CAF935A000628C6 /* Sources */,
				04F7F2881CAF935A000628C6 /* Frameworks */,
				04F7F2891CAF935A000628C6 /* Resources */,
			);
			buildRules = (
			);
			dependencies = (
			);
			name = ChildrenPay;
			productName = ChildrenPay;
			productReference = 04F7F28B1CAF935A000628C6 /* ChildrenPay.app */;
			productType = "com.apple.product-type.application";
		};
		04F7F29E1CAF935B000628C6 /* ChildrenPayTests */ = {
			isa = PBXNativeTarget;
			buildConfigurationList = 04F7F2B61CAF935B000628C6 /* Build configuration list for PBXNativeTarget "ChildrenPayTests" */;
			buildPhases = (
				04F7F29B1CAF935B000628C6 /* Sources */,
				04F7F29C1CAF935B000628C6 /* Frameworks */,
				04F7F29D1CAF935B000628C6 /* Resources */,
			);
			buildRules = (
			);
			dependencies = (
				04F7F2A11CAF935B000628C6 /* PBXTargetDependency */,
			);
			name = ChildrenPayTests;
			productName = ChildrenPayTests;
			productReference = 04F7F29F1CAF935B000628C6 /* ChildrenPayTests.xctest */;
			productType = "com.apple.product-type.bundle.unit-test";
		};
		04F7F2A91CAF935B000628C6 /* ChildrenPayUITests */ = {
			isa = PBXNativeTarget;
			buildConfigurationList = 04F7F2B91CAF935B000628C6 /* Build configuration list for PBXNativeTarget "ChildrenPayUITests" */;
			buildPhases = (
				04F7F2A61CAF935B000628C6 /* Sources */,
				04F7F2A71CAF935B000628C6 /* Frameworks */,
				04F7F2A81CAF935B000628C6 /* Resources */,
			);
			buildRules = (
			);
			dependencies = (
				04F7F2AC1CAF935B000628C6 /* PBXTargetDependency */,
			);
			name = ChildrenPayUITests;
			productName = ChildrenPayUITests;
			productReference = 04F7F2AA1CAF935B000628C6 /* ChildrenPayUITests.xctest */;
			productType = "com.apple.product-type.bundle.ui-testing";
		};
/* End PBXNativeTarget section */

/* Begin PBXProject section */
		04F7F2831CAF935A000628C6 /* Project object */ = {
			isa = PBXProject;
			attributes = {
				LastSwiftUpdateCheck = 0730;
				LastUpgradeCheck = 0730;
				ORGANIZATIONNAME = "Carlos Rosario";
				TargetAttributes = {
					04F7F28A1CAF935A000628C6 = {
						CreatedOnToolsVersion = 7.3;
					};
					04F7F29E1CAF935B000628C6 = {
						CreatedOnToolsVersion = 7.3;
						TestTargetID = 04F7F28A1CAF935A000628C6;
					};
					04F7F2A91CAF935B000628C6 = {
						CreatedOnToolsVersion = 7.3;
						TestTargetID = 04F7F28A1CAF935A000628C6;
					};
				};
			};
			buildConfigurationList = 04F7F2861CAF935A000628C6 /* Build configuration list for PBXProject "ChildrenPay" */;
			compatibilityVersion = "Xcode 3.2";
			developmentRegion = English;
			hasScannedForEncodings = 0;
			knownRegions = (
				en,
				Base,
			);
			mainGroup = 04F7F2821CAF935A000628C6;
			productRefGroup = 04F7F28C1CAF935A000628C6 /* Products */;
			projectDirPath = "";
			projectRoot = "";
			targets = (
				04F7F28A1CAF935A000628C6 /* ChildrenPay */,
				04F7F29E1CAF935B000628C6 /* ChildrenPayTests */,
				04F7F2A91CAF935B000628C6 /* ChildrenPayUITests */,
			);
		};
/* End PBXProject section */

/* Begin PBXResourcesBuildPhase section */
		04F7F2891CAF935A000628C6 /* Resources */ = {
			isa = PBXResourcesBuildPhase;
			buildActionMask = 2147483647;
			files = (
				04F7F2991CAF935A000628C6 /* LaunchScreen.storyboard in Resources */,
				04F7F2961CAF935A000628C6 /* Assets.xcassets in Resources */,
				04F7F2941CAF935A000628C6 /* Main.storyboard in Resources */,
			);
			runOnlyForDeploymentPostprocessing = 0;
		};
		04F7F29D1CAF935B000628C6 /* Resources */ = {
			isa = PBXResourcesBuildPhase;
			buildActionMask = 2147483647;
			files = (
			);
			runOnlyForDeploymentPostprocessing = 0;
		};
		04F7F2A81CAF935B000628C6 /* Resources */ = {
			isa = PBXResourcesBuildPhase;
			buildActionMask = 2147483647;
			files = (
			);
			runOnlyForDeploymentPostprocessing = 0;
		};
/* End PBXResourcesBuildPhase section */

/* Begin PBXSourcesBuildPhase section */
		04F7F2871CAF935A000628C6 /* Sources */ = {
			isa = PBXSourcesBuildPhase;
			buildActionMask = 2147483647;
			files = (
				04F7F2911CAF935A000628C6 /* ViewController.swift in Sources */,
				04F7F28F1CAF935A000628C6 /* AppDelegate.swift in Sources */,
			);
			runOnlyForDeploymentPostprocessing = 0;
		};
		04F7F29B1CAF935B000628C6 /* Sources */ = {
			isa = PBXSourcesBuildPhase;
			buildActionMask = 2147483647;
			files = (
				04F7F2A41CAF935B000628C6 /* ChildrenPayTests.swift in Sources */,
			);
			runOnlyForDeploymentPostprocessing = 0;
		};
		04F7F2A61CAF935B000628C6 /* Sources */ = {
			isa = PBXSourcesBuildPhase;
			buildActionMask = 2147483647;
			files = (
				04F7F2AF1CAF935B000628C6 /* ChildrenPayUITests.swift in Sources */,
			);
			runOnlyForDeploymentPostprocessing = 0;
		};
/* End PBXSourcesBuildPhase section */

/* Begin PBXTargetDependency section */
		04F7F2A11CAF935B000628C6 /* PBXTargetDependency */ = {
			isa = PBXTargetDependency;
			target = 04F7F28A1CAF935A000628C6 /* ChildrenPay */;
			targetProxy = 04F7F2A01CAF935B000628C6 /* PBXContainerItemProxy */;
		};
		04F7F2AC1CAF935B000628C6 /* PBXTargetDependency */ = {
			isa = PBXTargetDependency;
			target = 04F7F28A1CAF935A000628C6 /* ChildrenPay */;
			targetProxy = 04F7F2AB1CAF935B000628C6 /* PBXContainerItemProxy */;
		};
/* End PBXTargetDependency section */

/* Begin PBXVariantGroup section */
		04F7F2921CAF935A000628C6 /* Main.storyboard */ = {
			isa = PBXVariantGroup;
			children = (
				04F7F2931CAF935A000628C6 /* Base */,
			);
			name = Main.storyboard;
			sourceTree = "<group>";
		};
		04F7F2971CAF935A000628C6 /* LaunchScreen.storyboard */ = {
			isa = PBXVariantGroup;
			children = (
				04F7F2981CAF935A000628C6 /* Base */,
			);
			name = LaunchScreen.storyboard;
			sourceTree = "<group>";
		};
/* End PBXVariantGroup section */

/* Begin XCBuildConfiguration section */
		04F7F2B11CAF935B000628C6 /* Debug */ = {
			isa = XCBuildConfiguration;
			buildSettings = {
				ALWAYS_SEARCH_USER_PATHS = NO;
				CLANG_ANALYZER_NONNULL = YES;
				CLANG_CXX_LANGUAGE_STANDARD = "gnu++0x";
				CLANG_CXX_LIBRARY = "libc++";
				CLANG_ENABLE_MODULES = YES;
				CLANG_ENABLE_OBJC_ARC = YES;
				CLANG_WARN_BOOL_CONVERSION = YES;
				CLANG_WARN_CONSTANT_CONVERSION = YES;
				CLANG_WARN_DIRECT_OBJC_ISA_USAGE = YES_ERROR;
				CLANG_WARN_EMPTY_BODY = YES;
				CLANG_WARN_ENUM_CONVERSION = YES;
				CLANG_WARN_INT_CONVERSION = YES;
				CLANG_WARN_OBJC_ROOT_CLASS = YES_ERROR;
				CLANG_WARN_UNREACHABLE_CODE = YES;
				CLANG_WARN__DUPLICATE_METHOD_MATCH = YES;
				"CODE_SIGN_IDENTITY[sdk=iphoneos*]" = "iPhone Developer";
				COPY_PHASE_STRIP = NO;
				DEBUG_INFORMATION_FORMAT = dwarf;
				ENABLE_STRICT_OBJC_MSGSEND = YES;
				ENABLE_TESTABILITY = YES;
				GCC_C_LANGUAGE_STANDARD = gnu99;
				GCC_DYNAMIC_NO_PIC = NO;
				GCC_NO_COMMON_BLOCKS = YES;
				GCC_OPTIMIZATION_LEVEL = 0;
				GCC_PREPROCESSOR_DEFINITIONS = (
					"DEBUG=1",
					"$(inherited)",
				);
				GCC_WARN_64_TO_32_BIT_CONVERSION = YES;
				GCC_WARN_ABOUT_RETURN_TYPE = YES_ERROR;
				GCC_WARN_UNDECLARED_SELECTOR = YES;
				GCC_WARN_UNINITIALIZED_AUTOS = YES_AGGRESSIVE;
				GCC_WARN_UNUSED_FUNCTION = YES;
				GCC_WARN_UNUSED_VARIABLE = YES;
				IPHONEOS_DEPLOYMENT_TARGET = 9.3;
				MTL_ENABLE_DEBUG_INFO = YES;
				ONLY_ACTIVE_ARCH = YES;
				SDKROOT = iphoneos;
				SWIFT_OPTIMIZATION_LEVEL = "-Onone";
				TARGETED_DEVICE_FAMILY = "1,2";
			};
			name = Debug;
		};
		04F7F2B21CAF935B000628C6 /* Release */ = {
			isa = XCBuildConfiguration;
			buildSettings = {
				ALWAYS_SEARCH_USER_PATHS = NO;
				CLANG_ANALYZER_NONNULL = YES;
				CLANG_CXX_LANGUAGE_STANDARD = "gnu++0x";
				CLANG_CXX_LIBRARY = "libc++";
				CLANG_ENABLE_MODULES = YES;
				CLANG_ENABLE_OBJC_ARC = YES;
				CLANG_WARN_BOOL_CONVERSION = YES;
				CLANG_WARN_CONSTANT_CONVERSION = YES;
				CLANG_WARN_DIRECT_OBJC_ISA_USAGE = YES_ERROR;
				CLANG_WARN_EMPTY_BODY = YES;
				CLANG_WARN_ENUM_CONVERSION = YES;
				CLANG_WARN_INT_CONVERSION = YES;
				CLANG_WARN_OBJC_ROOT_CLASS = YES_ERROR;
				CLANG_WARN_UNREACHABLE_CODE = YES;
				CLANG_WARN__DUPLICATE_METHOD_MATCH = YES;
				"CODE_SIGN_IDENTITY[sdk=iphoneos*]" = "iPhone Developer";
				COPY_PHASE_STRIP = NO;
				DEBUG_INFORMATION_FORMAT = "dwarf-with-dsym";
				ENABLE_NS_ASSERTIONS = NO;
				ENABLE_STRICT_OBJC_MSGSEND = YES;
				GCC_C_LANGUAGE_STANDARD = gnu99;
				GCC_NO_COMMON_BLOCKS = YES;
				GCC_WARN_64_TO_32_BIT_CONVERSION = YES;
				GCC_WARN_ABOUT_RETURN_TYPE = YES_ERROR;
				GCC_WARN_UNDECLARED_SELECTOR = YES;
				GCC_WARN_UNINITIALIZED_AUTOS = YES_AGGRESSIVE;
				GCC_WARN_UNUSED_FUNCTION = YES;
				GCC_WARN_UNUSED_VARIABLE = YES;
				IPHONEOS_DEPLOYMENT_TARGET = 9.3;
				MTL_ENABLE_DEBUG_INFO = NO;
				SDKROOT = iphoneos;
				TARGETED_DEVICE_FAMILY = "1,2";
				VALIDATE_PRODUCT = YES;
			};
			name = Release;
		};
		04F7F2B41CAF935B000628C6 /* Debug */ = {
			isa = XCBuildConfiguration;
			buildSettings = {
				ASSETCATALOG_COMPILER_APPICON_NAME = AppIcon;
				INFOPLIST_FILE = ChildrenPay/Info.plist;
				LD_RUNPATH_SEARCH_PATHS = "$(inherited) @executable_path/Frameworks";
				PRODUCT_BUNDLE_IDENTIFIER = ChildrenPayDevelopers.ChildrenPay;
				PRODUCT_NAME = "$(TARGET_NAME)";
			};
			name = Debug;
		};
		04F7F2B51CAF935B000628C6 /* Release */ = {
			isa = XCBuildConfiguration;
			buildSettings = {
				ASSETCATALOG_COMPILER_APPICON_NAME = AppIcon;
				INFOPLIST_FILE = ChildrenPay/Info.plist;
				LD_RUNPATH_SEARCH_PATHS = "$(inherited) @executable_path/Frameworks";
				PRODUCT_BUNDLE_IDENTIFIER = ChildrenPayDevelopers.ChildrenPay;
				PRODUCT_NAME = "$(TARGET_NAME)";
			};
			name = Release;
		};
		04F7F2B71CAF935B000628C6 /* Debug */ = {
			isa = XCBuildConfiguration;
			buildSettings = {
				BUNDLE_LOADER = "$(TEST_HOST)";
				INFOPLIST_FILE = ChildrenPayTests/Info.plist;
				LD_RUNPATH_SEARCH_PATHS = "$(inherited) @executable_path/Frameworks @loader_path/Frameworks";
				PRODUCT_BUNDLE_IDENTIFIER = ChildrenPayDevelopers.ChildrenPayTests;
				PRODUCT_NAME = "$(TARGET_NAME)";
				TEST_HOST = "$(BUILT_PRODUCTS_DIR)/ChildrenPay.app/ChildrenPay";
			};
			name = Debug;
		};
		04F7F2B81CAF935B000628C6 /* Release */ = {
			isa = XCBuildConfiguration;
			buildSettings = {
				BUNDLE_LOADER = "$(TEST_HOST)";
				INFOPLIST_FILE = ChildrenPayTests/Info.plist;
				LD_RUNPATH_SEARCH_PATHS = "$(inherited) @executable_path/Frameworks @loader_path/Frameworks";
				PRODUCT_BUNDLE_IDENTIFIER = ChildrenPayDevelopers.ChildrenPayTests;
				PRODUCT_NAME = "$(TARGET_NAME)";
				TEST_HOST = "$(BUILT_PRODUCTS_DIR)/ChildrenPay.app/ChildrenPay";
			};
			name = Release;
		};
		04F7F2BA1CAF935B000628C6 /* Debug */ = {
			isa = XCBuildConfiguration;
			buildSettings = {
				INFOPLIST_FILE = ChildrenPayUITests/Info.plist;
				LD_RUNPATH_SEARCH_PATHS = "$(inherited) @executable_path/Frameworks @loader_path/Frameworks";
				PRODUCT_BUNDLE_IDENTIFIER = ChildrenPayDevelopers.ChildrenPayUITests;
				PRODUCT_NAME = "$(TARGET_NAME)";
				TEST_TARGET_NAME = ChildrenPay;
			};
			name = Debug;
		};
		04F7F2BB1CAF935B000628C6 /* Release */ = {
			isa = XCBuildConfiguration;
			buildSettings = {
				INFOPLIST_FILE = ChildrenPayUITests/Info.plist;
				LD_RUNPATH_SEARCH_PATHS = "$(inherited) @executable_path/Frameworks @loader_path/Frameworks";
				PRODUCT_BUNDLE_IDENTIFIER = ChildrenPayDevelopers.ChildrenPayUITests;
				PRODUCT_NAME = "$(TARGET_NAME)";
				TEST_TARGET_NAME = ChildrenPay;
			};
			name = Release;
		};
/* End XCBuildConfiguration section */

/* Begin XCConfigurationList section */
		04F7F2861CAF935A000628C6 /* Build configuration list for PBXProject "ChildrenPay" */ = {
			isa = XCConfigurationList;
			buildConfigurations = (
				04F7F2B11CAF935B000628C6 /* Debug */,
				04F7F2B21CAF935B000628C6 /* Release */,
			);
			defaultConfigurationIsVisible = 0;
			defaultConfigurationName = Release;
		};
		04F7F2B31CAF935B000628C6 /* Build configuration list for PBXNativeTarget "ChildrenPay" */ = {
			isa = XCConfigurationList;
			buildConfigurations = (
				04F7F2B41CAF935B000628C6 /* Debug */,
				04F7F2B51CAF935B000628C6 /* Release */,
			);
			defaultConfigurationIsVisible = 0;
		};
		04F7F2B61CAF935B000628C6 /* Build configuration list for PBXNativeTarget "ChildrenPayTests" */ = {
			isa = XCConfigurationList;
			buildConfigurations = (
				04F7F2B71CAF935B000628C6 /* Debug */,
				04F7F2B81CAF935B000628C6 /* Release */,
			);
			defaultConfigurationIsVisible = 0;
		};
		04F7F2B91CAF935B000628C6 /* Build configuration list for PBXNativeTarget "ChildrenPayUITests" */ = {
			isa = XCConfigurationList;
			buildConfigurations = (
				04F7F2BA1CAF935B000628C6 /* Debug */,
				04F7F2BB1CAF935B000628C6 /* Release */,
			);
			defaultConfigurationIsVisible = 0;
		};
/* End XCConfigurationList section */
	};
	rootObject = 04F7F2831CAF935A000628C6 /* Project object */;
}
