// !$*UTF8*$!
{
	archiveVersion = 1;
	classes = {
	};
	objectVersion = 46;
	objects = {

/* Begin PBXBuildFile section */
		04589CCD1CAF82F000021EA4 /* PayPalMobile in Frameworks */ = {isa = PBXBuildFile; fileRef = 04589CCC1CAF82F000021EA4 /* PayPalMobile */; };
		047538DC1CAF7A1F007E798B /* AppDelegate.swift in Sources */ = {isa = PBXBuildFile; fileRef = 047538DB1CAF7A1F007E798B /* AppDelegate.swift */; };
		047538DE1CAF7A1F007E798B /* ViewController.swift in Sources */ = {isa = PBXBuildFile; fileRef = 047538DD1CAF7A1F007E798B /* ViewController.swift */; };
		047538E11CAF7A1F007E798B /* Main.storyboard in Resources */ = {isa = PBXBuildFile; fileRef = 047538DF1CAF7A1F007E798B /* Main.storyboard */; };
		047538E31CAF7A1F007E798B /* Assets.xcassets in Resources */ = {isa = PBXBuildFile; fileRef = 047538E21CAF7A1F007E798B /* Assets.xcassets */; };
		047538E61CAF7A1F007E798B /* LaunchScreen.storyboard in Resources */ = {isa = PBXBuildFile; fileRef = 047538E41CAF7A1F007E798B /* LaunchScreen.storyboard */; };
		047538F11CAF7A1F007E798B /* ChildrenPayTests.swift in Sources */ = {isa = PBXBuildFile; fileRef = 047538F01CAF7A1F007E798B /* ChildrenPayTests.swift */; };
		047538FC1CAF7A1F007E798B /* ChildrenPayUITests.swift in Sources */ = {isa = PBXBuildFile; fileRef = 047538FB1CAF7A1F007E798B /* ChildrenPayUITests.swift */; };
		04A5CAD01CAF80BD00D0D5EE /* PayPalSDK in Frameworks */ = {isa = PBXBuildFile; fileRef = 04A5CACF1CAF80BD00D0D5EE /* PayPalSDK */; };
/* End PBXBuildFile section */

/* Begin PBXContainerItemProxy section */
		047538ED1CAF7A1F007E798B /* PBXContainerItemProxy */ = {
			isa = PBXContainerItemProxy;
			containerPortal = 047538D01CAF7A1F007E798B /* Project object */;
			proxyType = 1;
			remoteGlobalIDString = 047538D71CAF7A1F007E798B;
			remoteInfo = ChildrenPay;
		};
		047538F81CAF7A1F007E798B /* PBXContainerItemProxy */ = {
			isa = PBXContainerItemProxy;
			containerPortal = 047538D01CAF7A1F007E798B /* Project object */;
			proxyType = 1;
			remoteGlobalIDString = 047538D71CAF7A1F007E798B;
			remoteInfo = ChildrenPay;
		};
/* End PBXContainerItemProxy section */

/* Begin PBXFileReference section */
		04589CCC1CAF82F000021EA4 /* PayPalMobile */ = {isa = PBXFileReference; lastKnownFileType = folder; path = PayPalMobile; sourceTree = "<group>"; };
		047538D81CAF7A1F007E798B /* ChildrenPay.app */ = {isa = PBXFileReference; explicitFileType = wrapper.application; includeInIndex = 0; path = ChildrenPay.app; sourceTree = BUILT_PRODUCTS_DIR; };
		047538DB1CAF7A1F007E798B /* AppDelegate.swift */ = {isa = PBXFileReference; lastKnownFileType = sourcecode.swift; path = AppDelegate.swift; sourceTree = "<group>"; };
		047538DD1CAF7A1F007E798B /* ViewController.swift */ = {isa = PBXFileReference; lastKnownFileType = sourcecode.swift; path = ViewController.swift; sourceTree = "<group>"; };
		047538E01CAF7A1F007E798B /* Base */ = {isa = PBXFileReference; lastKnownFileType = file.storyboard; name = Base; path = Base.lproj/Main.storyboard; sourceTree = "<group>"; };
		047538E21CAF7A1F007E798B /* Assets.xcassets */ = {isa = PBXFileReference; lastKnownFileType = folder.assetcatalog; path = Assets.xcassets; sourceTree = "<group>"; };
		047538E51CAF7A1F007E798B /* Base */ = {isa = PBXFileReference; lastKnownFileType = file.storyboard; name = Base; path = Base.lproj/LaunchScreen.storyboard; sourceTree = "<group>"; };
		047538E71CAF7A1F007E798B /* Info.plist */ = {isa = PBXFileReference; lastKnownFileType = text.plist.xml; path = Info.plist; sourceTree = "<group>"; };
		047538EC1CAF7A1F007E798B /* ChildrenPayTests.xctest */ = {isa = PBXFileReference; explicitFileType = wrapper.cfbundle; includeInIndex = 0; path = ChildrenPayTests.xctest; sourceTree = BUILT_PRODUCTS_DIR; };
		047538F01CAF7A1F007E798B /* ChildrenPayTests.swift */ = {isa = PBXFileReference; lastKnownFileType = sourcecode.swift; path = ChildrenPayTests.swift; sourceTree = "<group>"; };
		047538F21CAF7A1F007E798B /* Info.plist */ = {isa = PBXFileReference; lastKnownFileType = text.plist.xml; path = Info.plist; sourceTree = "<group>"; };
		047538F71CAF7A1F007E798B /* ChildrenPayUITests.xctest */ = {isa = PBXFileReference; explicitFileType = wrapper.cfbundle; includeInIndex = 0; path = ChildrenPayUITests.xctest; sourceTree = BUILT_PRODUCTS_DIR; };
		047538FB1CAF7A1F007E798B /* ChildrenPayUITests.swift */ = {isa = PBXFileReference; lastKnownFileType = sourcecode.swift; path = ChildrenPayUITests.swift; sourceTree = "<group>"; };
		047538FD1CAF7A1F007E798B /* Info.plist */ = {isa = PBXFileReference; lastKnownFileType = text.plist.xml; path = Info.plist; sourceTree = "<group>"; };
		04A5CACF1CAF80BD00D0D5EE /* PayPalSDK */ = {isa = PBXFileReference; lastKnownFileType = folder; path = PayPalSDK; sourceTree = "<group>"; };
/* End PBXFileReference section */

/* Begin PBXFrameworksBuildPhase section */
		047538D51CAF7A1F007E798B /* Frameworks */ = {
			isa = PBXFrameworksBuildPhase;
			buildActionMask = 2147483647;
			files = (
				04589CCD1CAF82F000021EA4 /* PayPalMobile in Frameworks */,
				04A5CAD01CAF80BD00D0D5EE /* PayPalSDK in Frameworks */,
			);
			runOnlyForDeploymentPostprocessing = 0;
		};
		047538E91CAF7A1F007E798B /* Frameworks */ = {
			isa = PBXFrameworksBuildPhase;
			buildActionMask = 2147483647;
			files = (
			);
			runOnlyForDeploymentPostprocessing = 0;
		};
		047538F41CAF7A1F007E798B /* Frameworks */ = {
			isa = PBXFrameworksBuildPhase;
			buildActionMask = 2147483647;
			files = (
			);
			runOnlyForDeploymentPostprocessing = 0;
		};
/* End PBXFrameworksBuildPhase section */

/* Begin PBXGroup section */
		047538CF1CAF7A1F007E798B = {
			isa = PBXGroup;
			children = (
				04589CCC1CAF82F000021EA4 /* PayPalMobile */,
				04A5CACF1CAF80BD00D0D5EE /* PayPalSDK */,
				047538DA1CAF7A1F007E798B /* ChildrenPay */,
				047538EF1CAF7A1F007E798B /* ChildrenPayTests */,
				047538FA1CAF7A1F007E798B /* ChildrenPayUITests */,
				047538D91CAF7A1F007E798B /* Products */,
			);
			sourceTree = "<group>";
		};
		047538D91CAF7A1F007E798B /* Products */ = {
			isa = PBXGroup;
			children = (
				047538D81CAF7A1F007E798B /* ChildrenPay.app */,
				047538EC1CAF7A1F007E798B /* ChildrenPayTests.xctest */,
				047538F71CAF7A1F007E798B /* ChildrenPayUITests.xctest */,
			);
			name = Products;
			sourceTree = "<group>";
		};
		047538DA1CAF7A1F007E798B /* ChildrenPay */ = {
			isa = PBXGroup;
			children = (
				047538DB1CAF7A1F007E798B /* AppDelegate.swift */,
				047538DD1CAF7A1F007E798B /* ViewController.swift */,
				047538DF1CAF7A1F007E798B /* Main.storyboard */,
				047538E21CAF7A1F007E798B /* Assets.xcassets */,
				047538E41CAF7A1F007E798B /* LaunchScreen.storyboard */,
				047538E71CAF7A1F007E798B /* Info.plist */,
			);
			path = ChildrenPay;
			sourceTree = "<group>";
		};
		047538EF1CAF7A1F007E798B /* ChildrenPayTests */ = {
			isa = PBXGroup;
			children = (
				047538F01CAF7A1F007E798B /* ChildrenPayTests.swift */,
				047538F21CAF7A1F007E798B /* Info.plist */,
			);
			path = ChildrenPayTests;
			sourceTree = "<group>";
		};
		047538FA1CAF7A1F007E798B /* ChildrenPayUITests */ = {
			isa = PBXGroup;
			children = (
				047538FB1CAF7A1F007E798B /* ChildrenPayUITests.swift */,
				047538FD1CAF7A1F007E798B /* Info.plist */,
			);
			path = ChildrenPayUITests;
			sourceTree = "<group>";
		};
/* End PBXGroup section */

/* Begin PBXNativeTarget section */
		047538D71CAF7A1F007E798B /* ChildrenPay */ = {
			isa = PBXNativeTarget;
			buildConfigurationList = 047539001CAF7A1F007E798B /* Build configuration list for PBXNativeTarget "ChildrenPay" */;
			buildPhases = (
				047538D41CAF7A1F007E798B /* Sources */,
				047538D51CAF7A1F007E798B /* Frameworks */,
				047538D61CAF7A1F007E798B /* Resources */,
			);
			buildRules = (
			);
			dependencies = (
			);
			name = ChildrenPay;
			productName = ChildrenPay;
			productReference = 047538D81CAF7A1F007E798B /* ChildrenPay.app */;
			productType = "com.apple.product-type.application";
		};
		047538EB1CAF7A1F007E798B /* ChildrenPayTests */ = {
			isa = PBXNativeTarget;
			buildConfigurationList = 047539031CAF7A1F007E798B /* Build configuration list for PBXNativeTarget "ChildrenPayTests" */;
			buildPhases = (
				047538E81CAF7A1F007E798B /* Sources */,
				047538E91CAF7A1F007E798B /* Frameworks */,
				047538EA1CAF7A1F007E798B /* Resources */,
			);
			buildRules = (
			);
			dependencies = (
				047538EE1CAF7A1F007E798B /* PBXTargetDependency */,
			);
			name = ChildrenPayTests;
			productName = ChildrenPayTests;
			productReference = 047538EC1CAF7A1F007E798B /* ChildrenPayTests.xctest */;
			productType = "com.apple.product-type.bundle.unit-test";
		};
		047538F61CAF7A1F007E798B /* ChildrenPayUITests */ = {
			isa = PBXNativeTarget;
			buildConfigurationList = 047539061CAF7A1F007E798B /* Build configuration list for PBXNativeTarget "ChildrenPayUITests" */;
			buildPhases = (
				047538F31CAF7A1F007E798B /* Sources */,
				047538F41CAF7A1F007E798B /* Frameworks */,
				047538F51CAF7A1F007E798B /* Resources */,
			);
			buildRules = (
			);
			dependencies = (
				047538F91CAF7A1F007E798B /* PBXTargetDependency */,
			);
			name = ChildrenPayUITests;
			productName = ChildrenPayUITests;
			productReference = 047538F71CAF7A1F007E798B /* ChildrenPayUITests.xctest */;
			productType = "com.apple.product-type.bundle.ui-testing";
		};
/* End PBXNativeTarget section */

/* Begin PBXProject section */
		047538D01CAF7A1F007E798B /* Project object */ = {
			isa = PBXProject;
			attributes = {
				LastSwiftUpdateCheck = 0730;
				LastUpgradeCheck = 0730;
				ORGANIZATIONNAME = "Carlos Rosario";
				TargetAttributes = {
					047538D71CAF7A1F007E798B = {
						CreatedOnToolsVersion = 7.3;
					};
					047538EB1CAF7A1F007E798B = {
						CreatedOnToolsVersion = 7.3;
						TestTargetID = 047538D71CAF7A1F007E798B;
					};
					047538F61CAF7A1F007E798B = {
						CreatedOnToolsVersion = 7.3;
						TestTargetID = 047538D71CAF7A1F007E798B;
					};
				};
			};
			buildConfigurationList = 047538D31CAF7A1F007E798B /* Build configuration list for PBXProject "ChildrenPay" */;
			compatibilityVersion = "Xcode 3.2";
			developmentRegion = English;
			hasScannedForEncodings = 0;
			knownRegions = (
				en,
				Base,
			);
			mainGroup = 047538CF1CAF7A1F007E798B;
			productRefGroup = 047538D91CAF7A1F007E798B /* Products */;
			projectDirPath = "";
			projectRoot = "";
			targets = (
				047538D71CAF7A1F007E798B /* ChildrenPay */,
				047538EB1CAF7A1F007E798B /* ChildrenPayTests */,
				047538F61CAF7A1F007E798B /* ChildrenPayUITests */,
			);
		};
/* End PBXProject section */

/* Begin PBXResourcesBuildPhase section */
		047538D61CAF7A1F007E798B /* Resources */ = {
			isa = PBXResourcesBuildPhase;
			buildActionMask = 2147483647;
			files = (
				047538E61CAF7A1F007E798B /* LaunchScreen.storyboard in Resources */,
				047538E31CAF7A1F007E798B /* Assets.xcassets in Resources */,
				047538E11CAF7A1F007E798B /* Main.storyboard in Resources */,
			);
			runOnlyForDeploymentPostprocessing = 0;
		};
		047538EA1CAF7A1F007E798B /* Resources */ = {
			isa = PBXResourcesBuildPhase;
			buildActionMask = 2147483647;
			files = (
			);
			runOnlyForDeploymentPostprocessing = 0;
		};
		047538F51CAF7A1F007E798B /* Resources */ = {
			isa = PBXResourcesBuildPhase;
			buildActionMask = 2147483647;
			files = (
			);
			runOnlyForDeploymentPostprocessing = 0;
		};
/* End PBXResourcesBuildPhase section */

/* Begin PBXSourcesBuildPhase section */
		047538D41CAF7A1F007E798B /* Sources */ = {
			isa = PBXSourcesBuildPhase;
			buildActionMask = 2147483647;
			files = (
				047538DE1CAF7A1F007E798B /* ViewController.swift in Sources */,
				047538DC1CAF7A1F007E798B /* AppDelegate.swift in Sources */,
			);
			runOnlyForDeploymentPostprocessing = 0;
		};
		047538E81CAF7A1F007E798B /* Sources */ = {
			isa = PBXSourcesBuildPhase;
			buildActionMask = 2147483647;
			files = (
				047538F11CAF7A1F007E798B /* ChildrenPayTests.swift in Sources */,
			);
			runOnlyForDeploymentPostprocessing = 0;
		};
		047538F31CAF7A1F007E798B /* Sources */ = {
			isa = PBXSourcesBuildPhase;
			buildActionMask = 2147483647;
			files = (
				047538FC1CAF7A1F007E798B /* ChildrenPayUITests.swift in Sources */,
			);
			runOnlyForDeploymentPostprocessing = 0;
		};
/* End PBXSourcesBuildPhase section */

/* Begin PBXTargetDependency section */
		047538EE1CAF7A1F007E798B /* PBXTargetDependency */ = {
			isa = PBXTargetDependency;
			target = 047538D71CAF7A1F007E798B /* ChildrenPay */;
			targetProxy = 047538ED1CAF7A1F007E798B /* PBXContainerItemProxy */;
		};
		047538F91CAF7A1F007E798B /* PBXTargetDependency */ = {
			isa = PBXTargetDependency;
			target = 047538D71CAF7A1F007E798B /* ChildrenPay */;
			targetProxy = 047538F81CAF7A1F007E798B /* PBXContainerItemProxy */;
		};
/* End PBXTargetDependency section */

/* Begin PBXVariantGroup section */
		047538DF1CAF7A1F007E798B /* Main.storyboard */ = {
			isa = PBXVariantGroup;
			children = (
				047538E01CAF7A1F007E798B /* Base */,
			);
			name = Main.storyboard;
			sourceTree = "<group>";
		};
		047538E41CAF7A1F007E798B /* LaunchScreen.storyboard */ = {
			isa = PBXVariantGroup;
			children = (
				047538E51CAF7A1F007E798B /* Base */,
			);
			name = LaunchScreen.storyboard;
			sourceTree = "<group>";
		};
/* End PBXVariantGroup section */

/* Begin XCBuildConfiguration section */
		047538FE1CAF7A1F007E798B /* Debug */ = {
			isa = XCBuildConfiguration;
			buildSettings = {
				ALWAYS_SEARCH_USER_PATHS = NO;
				CLANG_ANALYZER_NONNULL = YES;
				CLANG_CXX_LANGUAGE_STANDARD = "gnu++0x";
				CLANG_CXX_LIBRARY = "libc++";
				CLANG_ENABLE_MODULES = YES;
				CLANG_ENABLE_OBJC_ARC = YES;
				CLANG_WARN_BOOL_CONVERSION = YES;
				CLANG_WARN_CONSTANT_CONVERSION = YES;
				CLANG_WARN_DIRECT_OBJC_ISA_USAGE = YES_ERROR;
				CLANG_WARN_EMPTY_BODY = YES;
				CLANG_WARN_ENUM_CONVERSION = YES;
				CLANG_WARN_INT_CONVERSION = YES;
				CLANG_WARN_OBJC_ROOT_CLASS = YES_ERROR;
				CLANG_WARN_UNREACHABLE_CODE = YES;
				CLANG_WARN__DUPLICATE_METHOD_MATCH = YES;
				"CODE_SIGN_IDENTITY[sdk=iphoneos*]" = "iPhone Developer";
				COPY_PHASE_STRIP = NO;
				DEBUG_INFORMATION_FORMAT = dwarf;
				ENABLE_STRICT_OBJC_MSGSEND = YES;
				ENABLE_TESTABILITY = YES;
				GCC_C_LANGUAGE_STANDARD = gnu99;
				GCC_DYNAMIC_NO_PIC = NO;
				GCC_NO_COMMON_BLOCKS = YES;
				GCC_OPTIMIZATION_LEVEL = 0;
				GCC_PREPROCESSOR_DEFINITIONS = (
					"DEBUG=1",
					"$(inherited)",
				);
				GCC_WARN_64_TO_32_BIT_CONVERSION = YES;
				GCC_WARN_ABOUT_RETURN_TYPE = YES_ERROR;
				GCC_WARN_UNDECLARED_SELECTOR = YES;
				GCC_WARN_UNINITIALIZED_AUTOS = YES_AGGRESSIVE;
				GCC_WARN_UNUSED_FUNCTION = YES;
				GCC_WARN_UNUSED_VARIABLE = YES;
				IPHONEOS_DEPLOYMENT_TARGET = 9.3;
				MTL_ENABLE_DEBUG_INFO = YES;
				ONLY_ACTIVE_ARCH = YES;
				SDKROOT = iphoneos;
				SWIFT_OPTIMIZATION_LEVEL = "-Onone";
				TARGETED_DEVICE_FAMILY = "1,2";
			};
			name = Debug;
		};
		047538FF1CAF7A1F007E798B /* Release */ = {
			isa = XCBuildConfiguration;
			buildSettings = {
				ALWAYS_SEARCH_USER_PATHS = NO;
				CLANG_ANALYZER_NONNULL = YES;
				CLANG_CXX_LANGUAGE_STANDARD = "gnu++0x";
				CLANG_CXX_LIBRARY = "libc++";
				CLANG_ENABLE_MODULES = YES;
				CLANG_ENABLE_OBJC_ARC = YES;
				CLANG_WARN_BOOL_CONVERSION = YES;
				CLANG_WARN_CONSTANT_CONVERSION = YES;
				CLANG_WARN_DIRECT_OBJC_ISA_USAGE = YES_ERROR;
				CLANG_WARN_EMPTY_BODY = YES;
				CLANG_WARN_ENUM_CONVERSION = YES;
				CLANG_WARN_INT_CONVERSION = YES;
				CLANG_WARN_OBJC_ROOT_CLASS = YES_ERROR;
				CLANG_WARN_UNREACHABLE_CODE = YES;
				CLANG_WARN__DUPLICATE_METHOD_MATCH = YES;
				"CODE_SIGN_IDENTITY[sdk=iphoneos*]" = "iPhone Developer";
				COPY_PHASE_STRIP = NO;
				DEBUG_INFORMATION_FORMAT = "dwarf-with-dsym";
				ENABLE_NS_ASSERTIONS = NO;
				ENABLE_STRICT_OBJC_MSGSEND = YES;
				GCC_C_LANGUAGE_STANDARD = gnu99;
				GCC_NO_COMMON_BLOCKS = YES;
				GCC_WARN_64_TO_32_BIT_CONVERSION = YES;
				GCC_WARN_ABOUT_RETURN_TYPE = YES_ERROR;
				GCC_WARN_UNDECLARED_SELECTOR = YES;
				GCC_WARN_UNINITIALIZED_AUTOS = YES_AGGRESSIVE;
				GCC_WARN_UNUSED_FUNCTION = YES;
				GCC_WARN_UNUSED_VARIABLE = YES;
				IPHONEOS_DEPLOYMENT_TARGET = 9.3;
				MTL_ENABLE_DEBUG_INFO = NO;
				SDKROOT = iphoneos;
				TARGETED_DEVICE_FAMILY = "1,2";
				VALIDATE_PRODUCT = YES;
			};
			name = Release;
		};
		047539011CAF7A1F007E798B /* Debug */ = {
			isa = XCBuildConfiguration;
			buildSettings = {
				ASSETCATALOG_COMPILER_APPICON_NAME = AppIcon;
				INFOPLIST_FILE = ChildrenPay/Info.plist;
				LD_RUNPATH_SEARCH_PATHS = "$(inherited) @executable_path/Frameworks";
				PRODUCT_BUNDLE_IDENTIFIER = ChildrenPayDevelopers.ChildrenPay;
				PRODUCT_NAME = "$(TARGET_NAME)";
			};
			name = Debug;
		};
		047539021CAF7A1F007E798B /* Release */ = {
			isa = XCBuildConfiguration;
			buildSettings = {
				ASSETCATALOG_COMPILER_APPICON_NAME = AppIcon;
				INFOPLIST_FILE = ChildrenPay/Info.plist;
				LD_RUNPATH_SEARCH_PATHS = "$(inherited) @executable_path/Frameworks";
				PRODUCT_BUNDLE_IDENTIFIER = ChildrenPayDevelopers.ChildrenPay;
				PRODUCT_NAME = "$(TARGET_NAME)";
			};
			name = Release;
		};
		047539041CAF7A1F007E798B /* Debug */ = {
			isa = XCBuildConfiguration;
			buildSettings = {
				BUNDLE_LOADER = "$(TEST_HOST)";
				INFOPLIST_FILE = ChildrenPayTests/Info.plist;
				LD_RUNPATH_SEARCH_PATHS = "$(inherited) @executable_path/Frameworks @loader_path/Frameworks";
				PRODUCT_BUNDLE_IDENTIFIER = ChildrenPayDevelopers.ChildrenPayTests;
				PRODUCT_NAME = "$(TARGET_NAME)";
				TEST_HOST = "$(BUILT_PRODUCTS_DIR)/ChildrenPay.app/ChildrenPay";
			};
			name = Debug;
		};
		047539051CAF7A1F007E798B /* Release */ = {
			isa = XCBuildConfiguration;
			buildSettings = {
				BUNDLE_LOADER = "$(TEST_HOST)";
				INFOPLIST_FILE = ChildrenPayTests/Info.plist;
				LD_RUNPATH_SEARCH_PATHS = "$(inherited) @executable_path/Frameworks @loader_path/Frameworks";
				PRODUCT_BUNDLE_IDENTIFIER = ChildrenPayDevelopers.ChildrenPayTests;
				PRODUCT_NAME = "$(TARGET_NAME)";
				TEST_HOST = "$(BUILT_PRODUCTS_DIR)/ChildrenPay.app/ChildrenPay";
			};
			name = Release;
		};
		047539071CAF7A1F007E798B /* Debug */ = {
			isa = XCBuildConfiguration;
			buildSettings = {
				INFOPLIST_FILE = ChildrenPayUITests/Info.plist;
				LD_RUNPATH_SEARCH_PATHS = "$(inherited) @executable_path/Frameworks @loader_path/Frameworks";
				PRODUCT_BUNDLE_IDENTIFIER = ChildrenPayDevelopers.ChildrenPayUITests;
				PRODUCT_NAME = "$(TARGET_NAME)";
				TEST_TARGET_NAME = ChildrenPay;
			};
			name = Debug;
		};
		047539081CAF7A1F007E798B /* Release */ = {
			isa = XCBuildConfiguration;
			buildSettings = {
				INFOPLIST_FILE = ChildrenPayUITests/Info.plist;
				LD_RUNPATH_SEARCH_PATHS = "$(inherited) @executable_path/Frameworks @loader_path/Frameworks";
				PRODUCT_BUNDLE_IDENTIFIER = ChildrenPayDevelopers.ChildrenPayUITests;
				PRODUCT_NAME = "$(TARGET_NAME)";
				TEST_TARGET_NAME = ChildrenPay;
			};
			name = Release;
		};
/* End XCBuildConfiguration section */

/* Begin XCConfigurationList section */
		047538D31CAF7A1F007E798B /* Build configuration list for PBXProject "ChildrenPay" */ = {
			isa = XCConfigurationList;
			buildConfigurations = (
				047538FE1CAF7A1F007E798B /* Debug */,
				047538FF1CAF7A1F007E798B /* Release */,
			);
			defaultConfigurationIsVisible = 0;
			defaultConfigurationName = Release;
		};
		047539001CAF7A1F007E798B /* Build configuration list for PBXNativeTarget "ChildrenPay" */ = {
			isa = XCConfigurationList;
			buildConfigurations = (
				047539011CAF7A1F007E798B /* Debug */,
				047539021CAF7A1F007E798B /* Release */,
			);
			defaultConfigurationIsVisible = 0;
			defaultConfigurationName = Release;
		};
		047539031CAF7A1F007E798B /* Build configuration list for PBXNativeTarget "ChildrenPayTests" */ = {
			isa = XCConfigurationList;
			buildConfigurations = (
				047539041CAF7A1F007E798B /* Debug */,
				047539051CAF7A1F007E798B /* Release */,
			);
			defaultConfigurationIsVisible = 0;
			defaultConfigurationName = Release;
		};
		047539061CAF7A1F007E798B /* Build configuration list for PBXNativeTarget "ChildrenPayUITests" */ = {
			isa = XCConfigurationList;
			buildConfigurations = (
				047539071CAF7A1F007E798B /* Debug */,
				047539081CAF7A1F007E798B /* Release */,
			);
			defaultConfigurationIsVisible = 0;
			defaultConfigurationName = Release;
		};
/* End XCConfigurationList section */
	};
	rootObject = 047538D01CAF7A1F007E798B /* Project object */;
}
